
Microsoft Visual Studio Solution File, Format Version 12.00
# Visual Studio 2017
Project("{FAE04EC0-301F-11D3-BF4B-00C04F79EFBC}") = "CardGame.Plugins", "CardGame.Plugins.csproj", "{D306F279-6984-295F-1C66-28A32D5EC7FB}"
EndProject
Project("{FAE04EC0-301F-11D3-BF4B-00C04F79EFBC}") = "CardGame", "CardGame.csproj", "{90BFAAB2-26FA-060F-6255-50A66A8853DA}"
EndProject
Project("{FAE04EC0-301F-11D3-BF4B-00C04F79EFBC}") = "CardGame.Editor.Plugins", "CardGame.Editor.Plugins.csproj", "{189BCB61-DE6D-C1FA-4C9A-30BD9A2FE831}"
EndProject
Project("{FAE04EC0-301F-11D3-BF4B-00C04F79EFBC}") = "CardGame.Editor", "CardGame.Editor.csproj", "{7572D6D7-13C3-122B-7554-B762F54A7B5E}"
EndProject
Global
	GlobalSection(SolutionConfigurationPlatforms) = preSolution
		Debug|Any CPU = Debug|Any CPU
		Release|Any CPU = Release|Any CPU
	EndGlobalSection
	GlobalSection(ProjectConfigurationPlatforms) = postSolution
		{D306F279-6984-295F-1C66-28A32D5EC7FB}.Debug|Any CPU.ActiveCfg = Debug|Any CPU
		{D306F279-6984-295F-1C66-28A32D5EC7FB}.Debug|Any CPU.Build.0 = Debug|Any CPU
		{D306F279-6984-295F-1C66-28A32D5EC7FB}.Release|Any CPU.ActiveCfg = Release|Any CPU
		{D306F279-6984-295F-1C66-28A32D5EC7FB}.Release|Any CPU.Build.0 = Release|Any CPU
		{90BFAAB2-26FA-060F-6255-50A66A8853DA}.Debug|Any CPU.ActiveCfg = Debug|Any CPU
		{90BFAAB2-26FA-060F-6255-50A66A8853DA}.Debug|Any CPU.Build.0 = Debug|Any CPU
		{90BFAAB2-26FA-060F-6255-50A66A8853DA}.Release|Any CPU.ActiveCfg = Release|Any CPU
		{90BFAAB2-26FA-060F-6255-50A66A8853DA}.Release|Any CPU.Build.0 = Release|Any CPU
		{189BCB61-DE6D-C1FA-4C9A-30BD9A2FE831}.Debug|Any CPU.ActiveCfg = Debug|Any CPU
		{189BCB61-DE6D-C1FA-4C9A-30BD9A2FE831}.Debug|Any CPU.Build.0 = Debug|Any CPU
		{189BCB61-DE6D-C1FA-4C9A-30BD9A2FE831}.Release|Any CPU.ActiveCfg = Release|Any CPU
		{189BCB61-DE6D-C1FA-4C9A-30BD9A2FE831}.Release|Any CPU.Build.0 = Release|Any CPU
		{7572D6D7-13C3-122B-7554-B762F54A7B5E}.Debug|Any CPU.ActiveCfg = Debug|Any CPU
		{7572D6D7-13C3-122B-7554-B762F54A7B5E}.Debug|Any CPU.Build.0 = Debug|Any CPU
		{7572D6D7-13C3-122B-7554-B762F54A7B5E}.Release|Any CPU.ActiveCfg = Release|Any CPU
		{7572D6D7-13C3-122B-7554-B762F54A7B5E}.Release|Any CPU.Build.0 = Release|Any CPU
	EndGlobalSection
	GlobalSection(SolutionProperties) = preSolution
		HideSolutionNode = FALSE
	EndGlobalSection
EndGlobal
